
Microsoft Visual Studio Solution File, Format Version 12.00
# Visual Studio Version 17
VisualStudioVersion = 17.0.32112.339
MinimumVisualStudioVersion = 10.0.40219.1
Project("{FAE04EC0-301F-11D3-BF4B-00C04F79EFBC}") = "UploadFile", "UploadFile\UploadFile.csproj", "{B5641D3E-5B4E-4240-AE7A-95DC8C1193E3}"
EndProject
Global
	GlobalSection(SolutionConfigurationPlatforms) = preSolution
		Debug|Any CPU = Debug|Any CPU
		Release|Any CPU = Release|Any CPU
	EndGlobalSection
	GlobalSection(ProjectConfigurationPlatforms) = postSolution
		{B5641D3E-5B4E-4240-AE7A-95DC8C1193E3}.Debug|Any CPU.ActiveCfg = Debug|Any CPU
		{B5641D3E-5B4E-4240-AE7A-95DC8C1193E3}.Debug|Any CPU.Build.0 = Debug|Any CPU
		{B5641D3E-5B4E-4240-AE7A-95DC8C1193E3}.Release|Any CPU.ActiveCfg = Release|Any CPU
		{B5641D3E-5B4E-4240-AE7A-95DC8C1193E3}.Release|Any CPU.Build.0 = Release|Any CPU
	EndGlobalSection
	GlobalSection(SolutionProperties) = preSolution
		HideSolutionNode = FALSE
	EndGlobalSection
	GlobalSection(ExtensibilityGlobals) = postSolution
		SolutionGuid = {BFB771A9-0D3A-499B-9594-8C93047E0C4A}
	EndGlobalSection
EndGlobal
